Microsoft Visual Studio Solution File, Format Version 12.00
# Visual Studio Version 17
VisualStudioVersion = 17.5.2.0
MinimumVisualStudioVersion = 10.0.40219.1
Project("{FAE04EC0-301F-11D3-BF4B-00C04F79EFBC}") = "ejercicios-teoria3", "ejercicios-teoria3.csproj", "{FAF4A814-7981-5CBB-8BD4-B68366C1580C}"
EndProject
Global
	GlobalSection(SolutionConfigurationPlatforms) = preSolution
		Debug|Any CPU = Debug|Any CPU
		Release|Any CPU = Release|Any CPU
	EndGlobalSection
	GlobalSection(ProjectConfigurationPlatforms) = postSolution
		{FAF4A814-7981-5CBB-8BD4-B68366C1580C}.Debug|Any CPU.ActiveCfg = Debug|Any CPU
		{FAF4A814-7981-5CBB-8BD4-B68366C1580C}.Debug|Any CPU.Build.0 = Debug|Any CPU
		{FAF4A814-7981-5CBB-8BD4-B68366C1580C}.Release|Any CPU.ActiveCfg = Release|Any CPU
		{FAF4A814-7981-5CBB-8BD4-B68366C1580C}.Release|Any CPU.Build.0 = Release|Any CPU
	EndGlobalSection
	GlobalSection(SolutionProperties) = preSolution
		HideSolutionNode = FALSE
	EndGlobalSection
	GlobalSection(ExtensibilityGlobals) = postSolution
		SolutionGuid = {0E92B85A-778D-484D-9152-6112DB7A62E3}
	EndGlobalSection
EndGlobal
